// !$*UTF8*$!
{
	archiveVersion = 1;
	classes = {
	};
	objectVersion = 46;
	objects = {

/* Begin PBXBuildFile section */
		1801E9B221BFB1ED004C3FE2 /* View+ImgPreview.swift in Sources */ = {isa = PBXBuildFile; fileRef = 1801E9B121BFB1ED004C3FE2 /* View+ImgPreview.swift */; };
		1806A87821B7F556005A5AF1 /* View+ImagePicker.swift in Sources */ = {isa = PBXBuildFile; fileRef = 1806A87721B7F556005A5AF1 /* View+ImagePicker.swift */; };
		1806A88221B81D90005A5AF1 /* Photos.framework in Frameworks */ = {isa = PBXBuildFile; fileRef = 1806A88121B81D90005A5AF1 /* Photos.framework */; };
		180EC4BF21E2EE8800595495 /* Req+Stranger.swift in Sources */ = {isa = PBXBuildFile; fileRef = 180EC4BE21E2EE8800595495 /* Req+Stranger.swift */; };
		180EC4C121E2F47900595495 /* Widget+UserCell.swift in Sources */ = {isa = PBXBuildFile; fileRef = 180EC4C021E2F47900595495 /* Widget+UserCell.swift */; };
		180EC4C321E32A0600595495 /* Data+Tag.swift in Sources */ = {isa = PBXBuildFile; fileRef = 180EC4C221E32A0600595495 /* Data+Tag.swift */; };
		180EC4C521E375BA00595495 /* View+Users+Stranger.swift in Sources */ = {isa = PBXBuildFile; fileRef = 180EC4C421E375BA00595495 /* View+Users+Stranger.swift */; };
		1854304521AC3D99004973E6 /* Req+Post.swift in Sources */ = {isa = PBXBuildFile; fileRef = 1854304421AC3D99004973E6 /* Req+Post.swift */; };
		1854304721AD78A4004973E6 /* View+CreatePost.swift in Sources */ = {isa = PBXBuildFile; fileRef = 1854304621AD78A4004973E6 /* View+CreatePost.swift */; };
		1854304921B01E27004973E6 /* Data+Post.swift in Sources */ = {isa = PBXBuildFile; fileRef = 1854304821B01E27004973E6 /* Data+Post.swift */; };
		185D415821EC341000A0C660 /* View+SearchGroup.swift in Sources */ = {isa = PBXBuildFile; fileRef = 185D415721EC341000A0C660 /* View+SearchGroup.swift */; };
		185D416221EC870200A0C660 /* Req+Group.swift in Sources */ = {isa = PBXBuildFile; fileRef = 185D416121EC870200A0C660 /* Req+Group.swift */; };
		1860EFC321D4BC0B00402460 /* Req+Cmt.swift in Sources */ = {isa = PBXBuildFile; fileRef = 1860EFC221D4BC0B00402460 /* Req+Cmt.swift */; };
		1860EFC521D53ED600402460 /* View+UserNotifies.swift in Sources */ = {isa = PBXBuildFile; fileRef = 1860EFC421D53ED600402460 /* View+UserNotifies.swift */; };
		1897D00B21D5DD1800E4A02A /* View+ImgFullview.swift in Sources */ = {isa = PBXBuildFile; fileRef = 1897D00A21D5DD1800E4A02A /* View+ImgFullview.swift */; };
		1897D00D21D888E200E4A02A /* Data+Time.swift in Sources */ = {isa = PBXBuildFile; fileRef = 1897D00C21D888E200E4A02A /* Data+Time.swift */; };
		1897D02021D8DF3000E4A02A /* UILabel+YBAttributeTextTapAction.m in Sources */ = {isa = PBXBuildFile; fileRef = 1897D01F21D8DF3000E4A02A /* UILabel+YBAttributeTextTapAction.m */; };
		1897D02221D8E6DF00E4A02A /* View+Posts.swift in Sources */ = {isa = PBXBuildFile; fileRef = 1897D02121D8E6DF00E4A02A /* View+Posts.swift */; };
		189AC5D221D9CBDA0008BB95 /* Widget+Tags.swift in Sources */ = {isa = PBXBuildFile; fileRef = 189AC5D121D9CBDA0008BB95 /* Widget+Tags.swift */; };
		18AE41F62199E2680008B792 /* server.cer in Resources */ = {isa = PBXBuildFile; fileRef = 18AE41F52199E2680008B792 /* server.cer */; };
		18AE420A219AC4170008B792 /* View+Login.swift in Sources */ = {isa = PBXBuildFile; fileRef = 18AE4209219AC4170008B792 /* View+Login.swift */; };
		18AE420C219AE3AD0008B792 /* Data+User.swift in Sources */ = {isa = PBXBuildFile; fileRef = 18AE420B219AE3AD0008B792 /* Data+User.swift */; };
		18D3A8DF2197F3CD00EB3289 /* View+Messages.swift in Sources */ = {isa = PBXBuildFile; fileRef = 18D3A8DE2197F3CD00EB3289 /* View+Messages.swift */; };
		18D3A8E12198015C00EB3289 /* View+Users.swift in Sources */ = {isa = PBXBuildFile; fileRef = 18D3A8E02198015C00EB3289 /* View+Users.swift */; };
		18D3A8E32198017000EB3289 /* View+PostsTable.swift in Sources */ = {isa = PBXBuildFile; fileRef = 18D3A8E22198017000EB3289 /* View+PostsTable.swift */; };
		18D3A8E52198061100EB3289 /* Data+Contact.swift in Sources */ = {isa = PBXBuildFile; fileRef = 18D3A8E42198061100EB3289 /* Data+Contact.swift */; };
		18D3A93F2199796100EB3289 /* AFNetworking.framework in Frameworks */ = {isa = PBXBuildFile; fileRef = 18D3A92A2199792F00EB3289 /* AFNetworking.framework */; };
		18D3A9402199796100EB3289 /* AFNetworking.framework in Embed Frameworks */ = {isa = PBXBuildFile; fileRef = 18D3A92A2199792F00EB3289 /* AFNetworking.framework */; settings = {ATTRIBUTES = (CodeSignOnCopy, RemoveHeadersOnCopy, ); }; };
		18DB287A219D85BF0024092C /* View+MoveMembers.swift in Sources */ = {isa = PBXBuildFile; fileRef = 18DB2879219D85BF0024092C /* View+MoveMembers.swift */; };
		18DB289221A03FCC0024092C /* View+Contact.swift in Sources */ = {isa = PBXBuildFile; fileRef = 18DB289121A03FCC0024092C /* View+Contact.swift */; };
		18DB289421A145410024092C /* Req+Msg.swift in Sources */ = {isa = PBXBuildFile; fileRef = 18DB289321A145410024092C /* Req+Msg.swift */; };
		18DB289621A1C2C30024092C /* Data+Msg.swift in Sources */ = {isa = PBXBuildFile; fileRef = 18DB289521A1C2C30024092C /* Data+Msg.swift */; };
		18DB289821A1CD200024092C /* View+Conv.swift in Sources */ = {isa = PBXBuildFile; fileRef = 18DB289721A1CD200024092C /* View+Conv.swift */; };
		18DB289A21A3A8BA0024092C /* Req+Contact.swift in Sources */ = {isa = PBXBuildFile; fileRef = 18DB289921A3A8BA0024092C /* Req+Contact.swift */; };
		18DB289C21A3AF750024092C /* Req+Tag.swift in Sources */ = {isa = PBXBuildFile; fileRef = 18DB289B21A3AF750024092C /* Req+Tag.swift */; };
		18DB28B321A5B9590024092C /* CocoaAsyncSocket.framework in Frameworks */ = {isa = PBXBuildFile; fileRef = 18DB28A921A5B9120024092C /* CocoaAsyncSocket.framework */; };
		18DB28B421A5B9590024092C /* CocoaAsyncSocket.framework in Embed Frameworks */ = {isa = PBXBuildFile; fileRef = 18DB28A921A5B9120024092C /* CocoaAsyncSocket.framework */; settings = {ATTRIBUTES = (CodeSignOnCopy, RemoveHeadersOnCopy, ); }; };
		18DB28BE21A5B9CC0024092C /* Observer.swift in Sources */ = {isa = PBXBuildFile; fileRef = 18DB28BD21A5B9CC0024092C /* Observer.swift */; };
		18DB28C021A6CCE60024092C /* Req+LogReg.swift in Sources */ = {isa = PBXBuildFile; fileRef = 18DB28BF21A6CCE60024092C /* Req+LogReg.swift */; };
		18DEBF2E21C50AD5004E88DD /* CountryCode in Resources */ = {isa = PBXBuildFile; fileRef = 18DEBF2D21C50AD5004E88DD /* CountryCode */; };
		18DEBF3021C512EB004E88DD /* Data+Cell.swift in Sources */ = {isa = PBXBuildFile; fileRef = 18DEBF2F21C512EB004E88DD /* Data+Cell.swift */; };
		18DEBF3221C5F0D7004E88DD /* Data+Image.swift in Sources */ = {isa = PBXBuildFile; fileRef = 18DEBF3121C5F0D7004E88DD /* Data+Image.swift */; };
		18E08D2021CBA120007AACB4 /* ImgPicker.xib in Resources */ = {isa = PBXBuildFile; fileRef = 18E08D1F21CBA120007AACB4 /* ImgPicker.xib */; };
		18E08D2221CBBFA5007AACB4 /* ImgCell.xib in Resources */ = {isa = PBXBuildFile; fileRef = 18E08D2121CBBFA5007AACB4 /* ImgCell.xib */; };
		18E08D2421CBFD71007AACB4 /* SingleImg.xib in Resources */ = {isa = PBXBuildFile; fileRef = 18E08D2321CBFD71007AACB4 /* SingleImg.xib */; };
		18E08D2721CE573A007AACB4 /* Data+Cache.swift in Sources */ = {isa = PBXBuildFile; fileRef = 18E08D2621CE573A007AACB4 /* Data+Cache.swift */; };
		18E08D2921CE7798007AACB4 /* View+Loading.swift in Sources */ = {isa = PBXBuildFile; fileRef = 18E08D2821CE7798007AACB4 /* View+Loading.swift */; };
		18E13ED521BD630B006FCE28 /* Widgets in Resources */ = {isa = PBXBuildFile; fileRef = 18E13ED421BD630B006FCE28 /* Widgets */; };
		18E8CB80219331A400E29383 /* AppDelegate.swift in Sources */ = {isa = PBXBuildFile; fileRef = 18E8CB7F219331A400E29383 /* AppDelegate.swift */; };
		18E8CB89219331A400E29383 /* Assets.xcassets in Resources */ = {isa = PBXBuildFile; fileRef = 18E8CB88219331A400E29383 /* Assets.xcassets */; };
		18E8CB8C219331A400E29383 /* LaunchScreen.storyboard in Resources */ = {isa = PBXBuildFile; fileRef = 18E8CB8A219331A400E29383 /* LaunchScreen.storyboard */; };
		18E8CB97219331A400E29383 /* PeopleConnectTests.swift in Sources */ = {isa = PBXBuildFile; fileRef = 18E8CB96219331A400E29383 /* PeopleConnectTests.swift */; };
		18E8CBA2219331A400E29383 /* PeopleConnectUITests.swift in Sources */ = {isa = PBXBuildFile; fileRef = 18E8CBA1219331A400E29383 /* PeopleConnectUITests.swift */; };
		18E8CBB02193441500E29383 /* Requests.swift in Sources */ = {isa = PBXBuildFile; fileRef = 18E8CBAF2193441500E29383 /* Requests.swift */; };
		18EC43D221C92B9C00DF18F2 /* Main.storyboard in Resources */ = {isa = PBXBuildFile; fileRef = 18EC43D021C92B9C00DF18F2 /* Main.storyboard */; };
		18EC43D421C9529700DF18F2 /* View+SingleImage.swift in Sources */ = {isa = PBXBuildFile; fileRef = 18EC43D321C9529700DF18F2 /* View+SingleImage.swift */; };
		18F8622B21DBA6A00089D953 /* View+PostNotifies.swift in Sources */ = {isa = PBXBuildFile; fileRef = 18F8622A21DBA6A00089D953 /* View+PostNotifies.swift */; };
		18F8623521DCB2590089D953 /* View+SinglePost.swift in Sources */ = {isa = PBXBuildFile; fileRef = 18F8623421DCB2590089D953 /* View+SinglePost.swift */; };
		18FF5DD921C14BF9008DB746 /* View+Settings.swift in Sources */ = {isa = PBXBuildFile; fileRef = 18FF5DD821C14BF9008DB746 /* View+Settings.swift */; };
		18FF5DE121C156A7008DB746 /* View+PostHeader.swift in Sources */ = {isa = PBXBuildFile; fileRef = 18FF5DE021C156A7008DB746 /* View+PostHeader.swift */; };
		18FF5DE321C38B66008DB746 /* CoreTelephony.framework in Frameworks */ = {isa = PBXBuildFile; fileRef = 18FF5DE221C38B66008DB746 /* CoreTelephony.framework */; };
/* End PBXBuildFile section */

/* Begin PBXContainerItemProxy section */
		18D3A9292199792F00EB3289 /* PBXContainerItemProxy */ = {
			isa = PBXContainerItemProxy;
			containerPortal = 18D3A91F2199792F00EB3289 /* AFNetworking.xcodeproj */;
			proxyType = 2;
			remoteGlobalIDString = 299522391BBF104D00859F49;
			remoteInfo = "AFNetworking iOS";
		};
		18D3A92B2199792F00EB3289 /* PBXContainerItemProxy */ = {
			isa = PBXContainerItemProxy;
			containerPortal = 18D3A91F2199792F00EB3289 /* AFNetworking.xcodeproj */;
			proxyType = 2;
			remoteGlobalIDString = 299522651BBF129200859F49;
			remoteInfo = "AFNetworking watchOS";
		};
		18D3A92D2199792F00EB3289 /* PBXContainerItemProxy */ = {
			isa = PBXContainerItemProxy;
			containerPortal = 18D3A91F2199792F00EB3289 /* AFNetworking.xcodeproj */;
			proxyType = 2;
			remoteGlobalIDString = 299522771BBF136400859F49;
			remoteInfo = "AFNetworking macOS";
		};
		18D3A92F2199792F00EB3289 /* PBXContainerItemProxy */ = {
			isa = PBXContainerItemProxy;
			containerPortal = 18D3A91F2199792F00EB3289 /* AFNetworking.xcodeproj */;
			proxyType = 2;
			remoteGlobalIDString = 2987B0A51BC408A200179A4C;
			remoteInfo = "AFNetworking tvOS";
		};
		18D3A9312199792F00EB3289 /* PBXContainerItemProxy */ = {
			isa = PBXContainerItemProxy;
			containerPortal = 18D3A91F2199792F00EB3289 /* AFNetworking.xcodeproj */;
			proxyType = 2;
			remoteGlobalIDString = 298D7C3B1BC2C79500FD3B3E;
			remoteInfo = "AFNetworking iOS Tests";
		};
		18D3A9332199792F00EB3289 /* PBXContainerItemProxy */ = {
			isa = PBXContainerItemProxy;
			containerPortal = 18D3A91F2199792F00EB3289 /* AFNetworking.xcodeproj */;
			proxyType = 2;
			remoteGlobalIDString = 298D7C4A1BC2C7B200FD3B3E;
			remoteInfo = "AFNetworking macOS Tests";
		};
		18D3A9352199792F00EB3289 /* PBXContainerItemProxy */ = {
			isa = PBXContainerItemProxy;
			containerPortal = 18D3A91F2199792F00EB3289 /* AFNetworking.xcodeproj */;
			proxyType = 2;
			remoteGlobalIDString = 2987B0AE1BC408A200179A4C;
			remoteInfo = "AFNetworking tvOS Tests";
		};
		18D3A9412199796100EB3289 /* PBXContainerItemProxy */ = {
			isa = PBXContainerItemProxy;
			containerPortal = 18D3A91F2199792F00EB3289 /* AFNetworking.xcodeproj */;
			proxyType = 1;
			remoteGlobalIDString = 299522381BBF104D00859F49;
			remoteInfo = "AFNetworking iOS";
		};
		18DB28A821A5B9120024092C /* PBXContainerItemProxy */ = {
			isa = PBXContainerItemProxy;
			containerPortal = 18DB28A221A5B9120024092C /* CocoaAsyncSocket.xcodeproj */;
			proxyType = 2;
			remoteGlobalIDString = 6CD990101B77868C0011A685;
			remoteInfo = "iOS CocoaAsyncSocket";
		};
		18DB28AA21A5B9120024092C /* PBXContainerItemProxy */ = {
			isa = PBXContainerItemProxy;
			containerPortal = 18DB28A221A5B9120024092C /* CocoaAsyncSocket.xcodeproj */;
			proxyType = 2;
			remoteGlobalIDString = 9FC41F131B9D965000578BEB;
			remoteInfo = "Mac CocoaAsyncSocket";
		};
		18DB28AC21A5B9120024092C /* PBXContainerItemProxy */ = {
			isa = PBXContainerItemProxy;
			containerPortal = 18DB28A221A5B9120024092C /* CocoaAsyncSocket.xcodeproj */;
			proxyType = 2;
			remoteGlobalIDString = 7D8B70C41BCFA15700D8E273;
			remoteInfo = "tvOS CocoaAsyncSocket";
		};
		18DB28B521A5B9590024092C /* PBXContainerItemProxy */ = {
			isa = PBXContainerItemProxy;
			containerPortal = 18DB28A221A5B9120024092C /* CocoaAsyncSocket.xcodeproj */;
			proxyType = 1;
			remoteGlobalIDString = 6CD9900F1B77868C0011A685;
			remoteInfo = "iOS CocoaAsyncSocket";
		};
		18E8CB93219331A400E29383 /* PBXContainerItemProxy */ = {
			isa = PBXContainerItemProxy;
			containerPortal = 18E8CB74219331A400E29383 /* Project object */;
			proxyType = 1;
			remoteGlobalIDString = 18E8CB7B219331A400E29383;
			remoteInfo = PeopleConnect;
		};
		18E8CB9E219331A400E29383 /* PBXContainerItemProxy */ = {
			isa = PBXContainerItemProxy;
			containerPortal = 18E8CB74219331A400E29383 /* Project object */;
			proxyType = 1;
			remoteGlobalIDString = 18E8CB7B219331A400E29383;
			remoteInfo = PeopleConnect;
		};
/* End PBXContainerItemProxy section */

/* Begin PBXCopyFilesBuildPhase section */
		18D3A91D219972FA00EB3289 /* Embed Frameworks */ = {
			isa = PBXCopyFilesBuildPhase;
			buildActionMask = 2147483647;
			dstPath = "";
			dstSubfolderSpec = 10;
			files = (
				18DB28B421A5B9590024092C /* CocoaAsyncSocket.framework in Embed Frameworks */,
				18D3A9402199796100EB3289 /* AFNetworking.framework in Embed Frameworks */,
			);
			name = "Embed Frameworks";
			runOnlyForDeploymentPostprocessing = 0;
		};
/* End PBXCopyFilesBuildPhase section */

/* Begin PBXFileReference section */
		1801E9B121BFB1ED004C3FE2 /* View+ImgPreview.swift */ = {isa = PBXFileReference; fileEncoding = 4; lastKnownFileType = sourcecode.swift; path = "View+ImgPreview.swift"; sourceTree = "<group>"; };
		1806A87721B7F556005A5AF1 /* View+ImagePicker.swift */ = {isa = PBXFileReference; fileEncoding = 4; lastKnownFileType = sourcecode.swift; path = "View+ImagePicker.swift"; sourceTree = "<group>"; };
		1806A88121B81D90005A5AF1 /* Photos.framework */ = {isa = PBXFileReference; lastKnownFileType = wrapper.framework; name = Photos.framework; path = System/Library/Frameworks/Photos.framework; sourceTree = SDKROOT; };
		180EC4BE21E2EE8800595495 /* Req+Stranger.swift */ = {isa = PBXFileReference; fileEncoding = 4; lastKnownFileType = sourcecode.swift; path = "Req+Stranger.swift"; sourceTree = "<group>"; };
		180EC4C021E2F47900595495 /* Widget+UserCell.swift */ = {isa = PBXFileReference; fileEncoding = 4; lastKnownFileType = sourcecode.swift; name = "Widget+UserCell.swift"; path = "../Widget+UserCell.swift"; sourceTree = "<group>"; };
		180EC4C221E32A0600595495 /* Data+Tag.swift */ = {isa = PBXFileReference; fileEncoding = 4; lastKnownFileType = sourcecode.swift; path = "Data+Tag.swift"; sourceTree = "<group>"; };
		180EC4C421E375BA00595495 /* View+Users+Stranger.swift */ = {isa = PBXFileReference; fileEncoding = 4; lastKnownFileType = sourcecode.swift; path = "View+Users+Stranger.swift"; sourceTree = "<group>"; };
		1854304421AC3D99004973E6 /* Req+Post.swift */ = {isa = PBXFileReference; fileEncoding = 4; lastKnownFileType = sourcecode.swift; path = "Req+Post.swift"; sourceTree = "<group>"; };
		1854304621AD78A4004973E6 /* View+CreatePost.swift */ = {isa = PBXFileReference; fileEncoding = 4; lastKnownFileType = sourcecode.swift; path = "View+CreatePost.swift"; sourceTree = "<group>"; };
		1854304821B01E27004973E6 /* Data+Post.swift */ = {isa = PBXFileReference; fileEncoding = 4; lastKnownFileType = sourcecode.swift; path = "Data+Post.swift"; sourceTree = "<group>"; };
		185D415721EC341000A0C660 /* View+SearchGroup.swift */ = {isa = PBXFileReference; fileEncoding = 4; lastKnownFileType = sourcecode.swift; path = "View+SearchGroup.swift"; sourceTree = "<group>"; };
		185D416121EC870200A0C660 /* Req+Group.swift */ = {isa = PBXFileReference; fileEncoding = 4; lastKnownFileType = sourcecode.swift; path = "Req+Group.swift"; sourceTree = "<group>"; };
		1860EFC221D4BC0B00402460 /* Req+Cmt.swift */ = {isa = PBXFileReference; fileEncoding = 4; lastKnownFileType = sourcecode.swift; path = "Req+Cmt.swift"; sourceTree = "<group>"; };
		1860EFC421D53ED600402460 /* View+UserNotifies.swift */ = {isa = PBXFileReference; fileEncoding = 4; lastKnownFileType = sourcecode.swift; path = "View+UserNotifies.swift"; sourceTree = "<group>"; };
		1897D00A21D5DD1800E4A02A /* View+ImgFullview.swift */ = {isa = PBXFileReference; fileEncoding = 4; lastKnownFileType = sourcecode.swift; path = "View+ImgFullview.swift"; sourceTree = "<group>"; };
		1897D00C21D888E200E4A02A /* Data+Time.swift */ = {isa = PBXFileReference; fileEncoding = 4; lastKnownFileType = sourcecode.swift; path = "Data+Time.swift"; sourceTree = "<group>"; };
		1897D01E21D8DF3000E4A02A /* UILabel+YBAttributeTextTapAction.h */ = {isa = PBXFileReference; fileEncoding = 4; lastKnownFileType = sourcecode.c.h; name = "UILabel+YBAttributeTextTapAction.h"; path = "Widgets/UILabel+YBAttributeTextTapAction.h"; sourceTree = "<group>"; };
		1897D01F21D8DF3000E4A02A /* UILabel+YBAttributeTextTapAction.m */ = {isa = PBXFileReference; fileEncoding = 4; lastKnownFileType = sourcecode.c.objc; name = "UILabel+YBAttributeTextTapAction.m"; path = "Widgets/UILabel+YBAttributeTextTapAction.m"; sourceTree = "<group>"; };
		1897D02121D8E6DF00E4A02A /* View+Posts.swift */ = {isa = PBXFileReference; fileEncoding = 4; lastKnownFileType = sourcecode.swift; path = "View+Posts.swift"; sourceTree = "<group>"; };
		189AC5D121D9CBDA0008BB95 /* Widget+Tags.swift */ = {isa = PBXFileReference; fileEncoding = 4; lastKnownFileType = sourcecode.swift; path = "Widget+Tags.swift"; sourceTree = "<group>"; };
		18AE41F52199E2680008B792 /* server.cer */ = {isa = PBXFileReference; lastKnownFileType = file; path = server.cer; sourceTree = "<group>"; };
		18AE4209219AC4170008B792 /* View+Login.swift */ = {isa = PBXFileReference; fileEncoding = 4; lastKnownFileType = sourcecode.swift; path = "View+Login.swift"; sourceTree = "<group>"; };
		18AE420B219AE3AD0008B792 /* Data+User.swift */ = {isa = PBXFileReference; fileEncoding = 4; lastKnownFileType = sourcecode.swift; path = "Data+User.swift"; sourceTree = "<group>"; };
		18D3A8DE2197F3CD00EB3289 /* View+Messages.swift */ = {isa = PBXFileReference; fileEncoding = 4; lastKnownFileType = sourcecode.swift; path = "View+Messages.swift"; sourceTree = "<group>"; };
		18D3A8E02198015C00EB3289 /* View+Users.swift */ = {isa = PBXFileReference; fileEncoding = 4; lastKnownFileType = sourcecode.swift; path = "View+Users.swift"; sourceTree = "<group>"; };
		18D3A8E22198017000EB3289 /* View+PostsTable.swift */ = {isa = PBXFileReference; fileEncoding = 4; lastKnownFileType = sourcecode.swift; path = "View+PostsTable.swift"; sourceTree = "<group>"; };
		18D3A8E42198061100EB3289 /* Data+Contact.swift */ = {isa = PBXFileReference; fileEncoding = 4; lastKnownFileType = sourcecode.swift; path = "Data+Contact.swift"; sourceTree = "<group>"; };
		18D3A91F2199792F00EB3289 /* AFNetworking.xcodeproj */ = {isa = PBXFileReference; lastKnownFileType = "wrapper.pb-project"; name = AFNetworking.xcodeproj; path = "../AFNetworking-master/AFNetworking.xcodeproj"; sourceTree = "<group>"; };
		18DB2879219D85BF0024092C /* View+MoveMembers.swift */ = {isa = PBXFileReference; fileEncoding = 4; lastKnownFileType = sourcecode.swift; path = "View+MoveMembers.swift"; sourceTree = "<group>"; };
		18DB289121A03FCC0024092C /* View+Contact.swift */ = {isa = PBXFileReference; fileEncoding = 4; lastKnownFileType = sourcecode.swift; path = "View+Contact.swift"; sourceTree = "<group>"; };
		18DB289321A145410024092C /* Req+Msg.swift */ = {isa = PBXFileReference; fileEncoding = 4; lastKnownFileType = sourcecode.swift; path = "Req+Msg.swift"; sourceTree = "<group>"; };
		18DB289521A1C2C30024092C /* Data+Msg.swift */ = {isa = PBXFileReference; fileEncoding = 4; lastKnownFileType = sourcecode.swift; path = "Data+Msg.swift"; sourceTree = "<group>"; };
		18DB289721A1CD200024092C /* View+Conv.swift */ = {isa = PBXFileReference; fileEncoding = 4; lastKnownFileType = sourcecode.swift; path = "View+Conv.swift"; sourceTree = "<group>"; };
		18DB289921A3A8BA0024092C /* Req+Contact.swift */ = {isa = PBXFileReference; fileEncoding = 4; lastKnownFileType = sourcecode.swift; path = "Req+Contact.swift"; sourceTree = "<group>"; };
		18DB289B21A3AF750024092C /* Req+Tag.swift */ = {isa = PBXFileReference; fileEncoding = 4; lastKnownFileType = sourcecode.swift; path = "Req+Tag.swift"; sourceTree = "<group>"; };
		18DB28A221A5B9120024092C /* CocoaAsyncSocket.xcodeproj */ = {isa = PBXFileReference; lastKnownFileType = "wrapper.pb-project"; name = CocoaAsyncSocket.xcodeproj; path = "../CocoaAsyncSocket-master/CocoaAsyncSocket.xcodeproj"; sourceTree = "<group>"; };
		18DB28BD21A5B9CC0024092C /* Observer.swift */ = {isa = PBXFileReference; fileEncoding = 4; lastKnownFileType = sourcecode.swift; path = Observer.swift; sourceTree = "<group>"; };
		18DB28BF21A6CCE60024092C /* Req+LogReg.swift */ = {isa = PBXFileReference; fileEncoding = 4; lastKnownFileType = sourcecode.swift; path = "Req+LogReg.swift"; sourceTree = "<group>"; };
		18DB28C121A6D76A0024092C /* Bridging-Header.h */ = {isa = PBXFileReference; lastKnownFileType = sourcecode.c.h; path = "Bridging-Header.h"; sourceTree = "<group>"; };
		18DEBF2D21C50AD5004E88DD /* CountryCode */ = {isa = PBXFileReference; fileEncoding = 4; lastKnownFileType = text; path = CountryCode; sourceTree = "<group>"; };
		18DEBF2F21C512EB004E88DD /* Data+Cell.swift */ = {isa = PBXFileReference; fileEncoding = 4; lastKnownFileType = sourcecode.swift; path = "Data+Cell.swift"; sourceTree = "<group>"; };
		18DEBF3121C5F0D7004E88DD /* Data+Image.swift */ = {isa = PBXFileReference; fileEncoding = 4; lastKnownFileType = sourcecode.swift; path = "Data+Image.swift"; sourceTree = "<group>"; };
		18E08D1F21CBA120007AACB4 /* ImgPicker.xib */ = {isa = PBXFileReference; fileEncoding = 4; lastKnownFileType = file.xib; path = ImgPicker.xib; sourceTree = "<group>"; };
		18E08D2121CBBFA5007AACB4 /* ImgCell.xib */ = {isa = PBXFileReference; fileEncoding = 4; lastKnownFileType = file.xib; path = ImgCell.xib; sourceTree = "<group>"; };
		18E08D2321CBFD71007AACB4 /* SingleImg.xib */ = {isa = PBXFileReference; fileEncoding = 4; lastKnownFileType = file.xib; path = SingleImg.xib; sourceTree = "<group>"; };
		18E08D2621CE573A007AACB4 /* Data+Cache.swift */ = {isa = PBXFileReference; fileEncoding = 4; lastKnownFileType = sourcecode.swift; path = "Data+Cache.swift"; sourceTree = "<group>"; };
		18E08D2821CE7798007AACB4 /* View+Loading.swift */ = {isa = PBXFileReference; fileEncoding = 4; lastKnownFileType = sourcecode.swift; path = "View+Loading.swift"; sourceTree = "<group>"; };
		18E13ED421BD630B006FCE28 /* Widgets */ = {isa = PBXFileReference; lastKnownFileType = folder; name = Widgets; path = /Users/apple/Documents/PeopleConnect/IOSApp/PeopleConnect/PeopleConnect/Widgets; sourceTree = "<absolute>"; };
		18E8CB7C219331A400E29383 /* PeopleConnect.app */ = {isa = PBXFileReference; explicitFileType = wrapper.application; includeInIndex = 0; path = PeopleConnect.app; sourceTree = BUILT_PRODUCTS_DIR; };
		18E8CB7F219331A400E29383 /* AppDelegate.swift */ = {isa = PBXFileReference; lastKnownFileType = sourcecode.swift; path = AppDelegate.swift; sourceTree = "<group>"; };
		18E8CB88219331A400E29383 /* Assets.xcassets */ = {isa = PBXFileReference; lastKnownFileType = folder.assetcatalog; path = Assets.xcassets; sourceTree = "<group>"; };
		18E8CB8B219331A400E29383 /* Base */ = {isa = PBXFileReference; lastKnownFileType = file.storyboard; name = Base; path = Base.lproj/LaunchScreen.storyboard; sourceTree = "<group>"; };
		18E8CB8D219331A400E29383 /* Info.plist */ = {isa = PBXFileReference; lastKnownFileType = text.plist.xml; path = Info.plist; sourceTree = "<group>"; };
		18E8CB92219331A400E29383 /* PeopleConnectTests.xctest */ = {isa = PBXFileReference; explicitFileType = wrapper.cfbundle; includeInIndex = 0; path = PeopleConnectTests.xctest; sourceTree = BUILT_PRODUCTS_DIR; };
		18E8CB96219331A400E29383 /* PeopleConnectTests.swift */ = {isa = PBXFileReference; lastKnownFileType = sourcecode.swift; path = PeopleConnectTests.swift; sourceTree = "<group>"; };
		18E8CB98219331A400E29383 /* Info.plist */ = {isa = PBXFileReference; lastKnownFileType = text.plist.xml; path = Info.plist; sourceTree = "<group>"; };
		18E8CB9D219331A400E29383 /* PeopleConnectUITests.xctest */ = {isa = PBXFileReference; explicitFileType = wrapper.cfbundle; includeInIndex = 0; path = PeopleConnectUITests.xctest; sourceTree = BUILT_PRODUCTS_DIR; };
		18E8CBA1219331A400E29383 /* PeopleConnectUITests.swift */ = {isa = PBXFileReference; lastKnownFileType = sourcecode.swift; path = PeopleConnectUITests.swift; sourceTree = "<group>"; };
		18E8CBA3219331A400E29383 /* Info.plist */ = {isa = PBXFileReference; lastKnownFileType = text.plist.xml; path = Info.plist; sourceTree = "<group>"; };
		18E8CBAF2193441500E29383 /* Requests.swift */ = {isa = PBXFileReference; fileEncoding = 4; lastKnownFileType = sourcecode.swift; path = Requests.swift; sourceTree = "<group>"; };
		18EC43D121C92B9C00DF18F2 /* Base */ = {isa = PBXFileReference; lastKnownFileType = file.storyboard; name = Base; path = Base.lproj/Main.storyboard; sourceTree = "<group>"; };
		18EC43D321C9529700DF18F2 /* View+SingleImage.swift */ = {isa = PBXFileReference; fileEncoding = 4; lastKnownFileType = sourcecode.swift; path = "View+SingleImage.swift"; sourceTree = "<group>"; };
		18F8622A21DBA6A00089D953 /* View+PostNotifies.swift */ = {isa = PBXFileReference; fileEncoding = 4; lastKnownFileType = sourcecode.swift; path = "View+PostNotifies.swift"; sourceTree = "<group>"; };
		18F8623421DCB2590089D953 /* View+SinglePost.swift */ = {isa = PBXFileReference; fileEncoding = 4; lastKnownFileType = sourcecode.swift; path = "View+SinglePost.swift"; sourceTree = "<group>"; };
		18FF5DD821C14BF9008DB746 /* View+Settings.swift */ = {isa = PBXFileReference; fileEncoding = 4; lastKnownFileType = sourcecode.swift; name = "View+Settings.swift"; path = "../View+Settings.swift"; sourceTree = "<group>"; };
		18FF5DE021C156A7008DB746 /* View+PostHeader.swift */ = {isa = PBXFileReference; fileEncoding = 4; lastKnownFileType = sourcecode.swift; path = "View+PostHeader.swift"; sourceTree = "<group>"; };
		18FF5DE221C38B66008DB746 /* CoreTelephony.framework */ = {isa = PBXFileReference; lastKnownFileType = wrapper.framework; name = CoreTelephony.framework; path = System/Library/Frameworks/CoreTelephony.framework; sourceTree = SDKROOT; };
/* End PBXFileReference section */

/* Begin PBXFrameworksBuildPhase section */
		18E8CB79219331A400E29383 /* Frameworks */ = {
			isa = PBXFrameworksBuildPhase;
			buildActionMask = 2147483647;
			files = (
				18FF5DE321C38B66008DB746 /* CoreTelephony.framework in Frameworks */,
				1806A88221B81D90005A5AF1 /* Photos.framework in Frameworks */,
				18DB28B321A5B9590024092C /* CocoaAsyncSocket.framework in Frameworks */,
				18D3A93F2199796100EB3289 /* AFNetworking.framework in Frameworks */,
			);
			runOnlyForDeploymentPostprocessing = 0;
		};
		18E8CB8F219331A400E29383 /* Frameworks */ = {
			isa = PBXFrameworksBuildPhase;
			buildActionMask = 2147483647;
			files = (
			);
			runOnlyForDeploymentPostprocessing = 0;
		};
		18E8CB9A219331A400E29383 /* Frameworks */ = {
			isa = PBXFrameworksBuildPhase;
			buildActionMask = 2147483647;
			files = (
			);
			runOnlyForDeploymentPostprocessing = 0;
		};
/* End PBXFrameworksBuildPhase section */

/* Begin PBXGroup section */
		18D3A9202199792F00EB3289 /* Products */ = {
			isa = PBXGroup;
			children = (
				18D3A92A2199792F00EB3289 /* AFNetworking.framework */,
				18D3A92C2199792F00EB3289 /* AFNetworking.framework */,
				18D3A92E2199792F00EB3289 /* AFNetworking.framework */,
				18D3A9302199792F00EB3289 /* AFNetworking.framework */,
				18D3A9322199792F00EB3289 /* AFNetworking iOS Tests.xctest */,
				18D3A9342199792F00EB3289 /* AFNetworking macOS Tests.xctest */,
				18D3A9362199792F00EB3289 /* AFNetworking tvOS Tests.xctest */,
			);
			name = Products;
			sourceTree = "<group>";
		};
		18DB28A321A5B9120024092C /* Products */ = {
			isa = PBXGroup;
			children = (
				18DB28A921A5B9120024092C /* CocoaAsyncSocket.framework */,
				18DB28AB21A5B9120024092C /* CocoaAsyncSocket.framework */,
				18DB28AD21A5B9120024092C /* CocoaAsyncSocket.framework */,
			);
			name = Products;
			sourceTree = "<group>";
		};
		18E8CB73219331A400E29383 = {
			isa = PBXGroup;
			children = (
				18FF5DE221C38B66008DB746 /* CoreTelephony.framework */,
				1806A88121B81D90005A5AF1 /* Photos.framework */,
				18DB28A221A5B9120024092C /* CocoaAsyncSocket.xcodeproj */,
				18D3A91F2199792F00EB3289 /* AFNetworking.xcodeproj */,
				18E8CB7E219331A400E29383 /* PeopleConnect */,
				18E8CB95219331A400E29383 /* PeopleConnectTests */,
				18E8CBA0219331A400E29383 /* PeopleConnectUITests */,
				18E8CB7D219331A400E29383 /* Products */,
			);
			sourceTree = "<group>";
		};
		18E8CB7D219331A400E29383 /* Products */ = {
			isa = PBXGroup;
			children = (
				18E8CB7C219331A400E29383 /* PeopleConnect.app */,
				18E8CB92219331A400E29383 /* PeopleConnectTests.xctest */,
				18E8CB9D219331A400E29383 /* PeopleConnectUITests.xctest */,
			);
			name = Products;
			sourceTree = "<group>";
		};
		18E8CB7E219331A400E29383 /* PeopleConnect */ = {
			isa = PBXGroup;
			children = (
				1897D01E21D8DF3000E4A02A /* UILabel+YBAttributeTextTapAction.h */,
				1897D01F21D8DF3000E4A02A /* UILabel+YBAttributeTextTapAction.m */,
				18AE41F52199E2680008B792 /* server.cer */,
				18DB28C121A6D76A0024092C /* Bridging-Header.h */,
				18E8CB7F219331A400E29383 /* AppDelegate.swift */,
				18DB28BD21A5B9CC0024092C /* Observer.swift */,
				18E8CBAF2193441500E29383 /* Requests.swift */,
				1854304421AC3D99004973E6 /* Req+Post.swift */,
				1860EFC221D4BC0B00402460 /* Req+Cmt.swift */,
				18DB289321A145410024092C /* Req+Msg.swift */,
				18DB289921A3A8BA0024092C /* Req+Contact.swift */,
				180EC4BE21E2EE8800595495 /* Req+Stranger.swift */,
				18DB289B21A3AF750024092C /* Req+Tag.swift */,
				185D416121EC870200A0C660 /* Req+Group.swift */,
				18DB28BF21A6CCE60024092C /* Req+LogReg.swift */,
				1897D00C21D888E200E4A02A /* Data+Time.swift */,
				18E08D2621CE573A007AACB4 /* Data+Cache.swift */,
				18DEBF2F21C512EB004E88DD /* Data+Cell.swift */,
				18DEBF3121C5F0D7004E88DD /* Data+Image.swift */,
				18AE420B219AE3AD0008B792 /* Data+User.swift */,
				1854304821B01E27004973E6 /* Data+Post.swift */,
				18DB289521A1C2C30024092C /* Data+Msg.swift */,
				180EC4C221E32A0600595495 /* Data+Tag.swift */,
				18D3A8E42198061100EB3289 /* Data+Contact.swift */,
				18FF5DD821C14BF9008DB746 /* View+Settings.swift */,
				18E08D2821CE7798007AACB4 /* View+Loading.swift */,
				18AE4209219AC4170008B792 /* View+Login.swift */,
				18DB289721A1CD200024092C /* View+Conv.swift */,
				1860EFC421D53ED600402460 /* View+UserNotifies.swift */,
				18F8622A21DBA6A00089D953 /* View+PostNotifies.swift */,
				18D3A8DE2197F3CD00EB3289 /* View+Messages.swift */,
				18DB289121A03FCC0024092C /* View+Contact.swift */,
				180EC4C021E2F47900595495 /* Widget+UserCell.swift */,
				18D3A8E02198015C00EB3289 /* View+Users.swift */,
				180EC4C421E375BA00595495 /* View+Users+Stranger.swift */,
				18DB2879219D85BF0024092C /* View+MoveMembers.swift */,
				18F8623421DCB2590089D953 /* View+SinglePost.swift */,
				1897D02121D8E6DF00E4A02A /* View+Posts.swift */,
				185D415721EC341000A0C660 /* View+SearchGroup.swift */,
				18D3A8E22198017000EB3289 /* View+PostsTable.swift */,
				18FF5DE021C156A7008DB746 /* View+PostHeader.swift */,
				189AC5D121D9CBDA0008BB95 /* Widget+Tags.swift */,
				1801E9B121BFB1ED004C3FE2 /* View+ImgPreview.swift */,
				1897D00A21D5DD1800E4A02A /* View+ImgFullview.swift */,
				1854304621AD78A4004973E6 /* View+CreatePost.swift */,
				1806A87721B7F556005A5AF1 /* View+ImagePicker.swift */,
				18EC43D321C9529700DF18F2 /* View+SingleImage.swift */,
				18EC43D021C92B9C00DF18F2 /* Main.storyboard */,
				18E8CB88219331A400E29383 /* Assets.xcassets */,
				18E8CB8A219331A400E29383 /* LaunchScreen.storyboard */,
				18E08D1F21CBA120007AACB4 /* ImgPicker.xib */,
				18E08D2321CBFD71007AACB4 /* SingleImg.xib */,
				18E08D2121CBBFA5007AACB4 /* ImgCell.xib */,
				18E8CB8D219331A400E29383 /* Info.plist */,
				18DEBF2D21C50AD5004E88DD /* CountryCode */,
			);
			path = PeopleConnect;
			sourceTree = "<group>";
		};
		18E8CB95219331A400E29383 /* PeopleConnectTests */ = {
			isa = PBXGroup;
			children = (
				18E8CB96219331A400E29383 /* PeopleConnectTests.swift */,
				18E8CB98219331A400E29383 /* Info.plist */,
			);
			path = PeopleConnectTests;
			sourceTree = "<group>";
		};
		18E8CBA0219331A400E29383 /* PeopleConnectUITests */ = {
			isa = PBXGroup;
			children = (
				18E8CBA1219331A400E29383 /* PeopleConnectUITests.swift */,
				18E8CBA3219331A400E29383 /* Info.plist */,
			);
			path = PeopleConnectUITests;
			sourceTree = "<group>";
		};
/* End PBXGroup section */

/* Begin PBXNativeTarget section */
		18E8CB7B219331A400E29383 /* PeopleConnect */ = {
			isa = PBXNativeTarget;
			buildConfigurationList = 18E8CBA6219331A400E29383 /* Build configuration list for PBXNativeTarget "PeopleConnect" */;
			buildPhases = (
				18E8CB78219331A400E29383 /* Sources */,
				18E8CB79219331A400E29383 /* Frameworks */,
				18E8CB7A219331A400E29383 /* Resources */,
				18D3A91D219972FA00EB3289 /* Embed Frameworks */,
			);
			buildRules = (
			);
			dependencies = (
				18D3A9422199796100EB3289 /* PBXTargetDependency */,
				18DB28B621A5B9590024092C /* PBXTargetDependency */,
			);
			name = PeopleConnect;
			productName = PeopleConnect;
			productReference = 18E8CB7C219331A400E29383 /* PeopleConnect.app */;
			productType = "com.apple.product-type.application";
		};
		18E8CB91219331A400E29383 /* PeopleConnectTests */ = {
			isa = PBXNativeTarget;
			buildConfigurationList = 18E8CBA9219331A400E29383 /* Build configuration list for PBXNativeTarget "PeopleConnectTests" */;
			buildPhases = (
				18E8CB8E219331A400E29383 /* Sources */,
				18E8CB8F219331A400E29383 /* Frameworks */,
				18E8CB90219331A400E29383 /* Resources */,
			);
			buildRules = (
			);
			dependencies = (
				18E8CB94219331A400E29383 /* PBXTargetDependency */,
			);
			name = PeopleConnectTests;
			productName = PeopleConnectTests;
			productReference = 18E8CB92219331A400E29383 /* PeopleConnectTests.xctest */;
			productType = "com.apple.product-type.bundle.unit-test";
		};
		18E8CB9C219331A400E29383 /* PeopleConnectUITests */ = {
			isa = PBXNativeTarget;
			buildConfigurationList = 18E8CBAC219331A400E29383 /* Build configuration list for PBXNativeTarget "PeopleConnectUITests" */;
			buildPhases = (
				18E8CB99219331A400E29383 /* Sources */,
				18E8CB9A219331A400E29383 /* Frameworks */,
				18E8CB9B219331A400E29383 /* Resources */,
			);
			buildRules = (
			);
			dependencies = (
				18E8CB9F219331A400E29383 /* PBXTargetDependency */,
			);
			name = PeopleConnectUITests;
			productName = PeopleConnectUITests;
			productReference = 18E8CB9D219331A400E29383 /* PeopleConnectUITests.xctest */;
			productType = "com.apple.product-type.bundle.ui-testing";
		};
/* End PBXNativeTarget section */

/* Begin PBXProject section */
		18E8CB74219331A400E29383 /* Project object */ = {
			isa = PBXProject;
			attributes = {
				LastSwiftUpdateCheck = 0720;
				LastUpgradeCheck = 0720;
				ORGANIZATIONNAME = "Pan's studio";
				TargetAttributes = {
					18E8CB7B219331A400E29383 = {
						CreatedOnToolsVersion = 7.2.1;
					};
					18E8CB91219331A400E29383 = {
						CreatedOnToolsVersion = 7.2.1;
						TestTargetID = 18E8CB7B219331A400E29383;
					};
					18E8CB9C219331A400E29383 = {
						CreatedOnToolsVersion = 7.2.1;
						TestTargetID = 18E8CB7B219331A400E29383;
					};
				};
			};
			buildConfigurationList = 18E8CB77219331A400E29383 /* Build configuration list for PBXProject "PeopleConnect" */;
			compatibilityVersion = "Xcode 3.2";
			developmentRegion = English;
			hasScannedForEncodings = 0;
			knownRegions = (
				en,
				Base,
			);
			mainGroup = 18E8CB73219331A400E29383;
			productRefGroup = 18E8CB7D219331A400E29383 /* Products */;
			projectDirPath = "";
			projectReferences = (
				{
					ProductGroup = 18D3A9202199792F00EB3289 /* Products */;
					ProjectRef = 18D3A91F2199792F00EB3289 /* AFNetworking.xcodeproj */;
				},
				{
					ProductGroup = 18DB28A321A5B9120024092C /* Products */;
					ProjectRef = 18DB28A221A5B9120024092C /* CocoaAsyncSocket.xcodeproj */;
				},
			);
			projectRoot = "";
			targets = (
				18E8CB7B219331A400E29383 /* PeopleConnect */,
				18E8CB91219331A400E29383 /* PeopleConnectTests */,
				18E8CB9C219331A400E29383 /* PeopleConnectUITests */,
			);
		};
/* End PBXProject section */

/* Begin PBXReferenceProxy section */
		18D3A92A2199792F00EB3289 /* AFNetworking.framework */ = {
			isa = PBXReferenceProxy;
			fileType = wrapper.framework;
			path = AFNetworking.framework;
			remoteRef = 18D3A9292199792F00EB3289 /* PBXContainerItemProxy */;
			sourceTree = BUILT_PRODUCTS_DIR;
		};
		18D3A92C2199792F00EB3289 /* AFNetworking.framework */ = {
			isa = PBXReferenceProxy;
			fileType = wrapper.framework;
			path = AFNetworking.framework;
			remoteRef = 18D3A92B2199792F00EB3289 /* PBXContainerItemProxy */;
			sourceTree = BUILT_PRODUCTS_DIR;
		};
		18D3A92E2199792F00EB3289 /* AFNetworking.framework */ = {
			isa = PBXReferenceProxy;
			fileType = wrapper.framework;
			path = AFNetworking.framework;
			remoteRef = 18D3A92D2199792F00EB3289 /* PBXContainerItemProxy */;
			sourceTree = BUILT_PRODUCTS_DIR;
		};
		18D3A9302199792F00EB3289 /* AFNetworking.framework */ = {
			isa = PBXReferenceProxy;
			fileType = wrapper.framework;
			path = AFNetworking.framework;
			remoteRef = 18D3A92F2199792F00EB3289 /* PBXContainerItemProxy */;
			sourceTree = BUILT_PRODUCTS_DIR;
		};
		18D3A9322199792F00EB3289 /* AFNetworking iOS Tests.xctest */ = {
			isa = PBXReferenceProxy;
			fileType = wrapper.cfbundle;
			path = "AFNetworking iOS Tests.xctest";
			remoteRef = 18D3A9312199792F00EB3289 /* PBXContainerItemProxy */;
			sourceTree = BUILT_PRODUCTS_DIR;
		};
		18D3A9342199792F00EB3289 /* AFNetworking macOS Tests.xctest */ = {
			isa = PBXReferenceProxy;
			fileType = wrapper.cfbundle;
			path = "AFNetworking macOS Tests.xctest";
			remoteRef = 18D3A9332199792F00EB3289 /* PBXContainerItemProxy */;
			sourceTree = BUILT_PRODUCTS_DIR;
		};
		18D3A9362199792F00EB3289 /* AFNetworking tvOS Tests.xctest */ = {
			isa = PBXReferenceProxy;
			fileType = wrapper.cfbundle;
			path = "AFNetworking tvOS Tests.xctest";
			remoteRef = 18D3A9352199792F00EB3289 /* PBXContainerItemProxy */;
			sourceTree = BUILT_PRODUCTS_DIR;
		};
		18DB28A921A5B9120024092C /* CocoaAsyncSocket.framework */ = {
			isa = PBXReferenceProxy;
			fileType = wrapper.framework;
			path = CocoaAsyncSocket.framework;
			remoteRef = 18DB28A821A5B9120024092C /* PBXContainerItemProxy */;
			sourceTree = BUILT_PRODUCTS_DIR;
		};
		18DB28AB21A5B9120024092C /* CocoaAsyncSocket.framework */ = {
			isa = PBXReferenceProxy;
			fileType = wrapper.framework;
			path = CocoaAsyncSocket.framework;
			remoteRef = 18DB28AA21A5B9120024092C /* PBXContainerItemProxy */;
			sourceTree = BUILT_PRODUCTS_DIR;
		};
		18DB28AD21A5B9120024092C /* CocoaAsyncSocket.framework */ = {
			isa = PBXReferenceProxy;
			fileType = wrapper.framework;
			path = CocoaAsyncSocket.framework;
			remoteRef = 18DB28AC21A5B9120024092C /* PBXContainerItemProxy */;
			sourceTree = BUILT_PRODUCTS_DIR;
		};
/* End PBXReferenceProxy section */

/* Begin PBXResourcesBuildPhase section */
		18E8CB7A219331A400E29383 /* Resources */ = {
			isa = PBXResourcesBuildPhase;
			buildActionMask = 2147483647;
			files = (
				18EC43D221C92B9C00DF18F2 /* Main.storyboard in Resources */,
				18E08D2221CBBFA5007AACB4 /* ImgCell.xib in Resources */,
				18E8CB8C219331A400E29383 /* LaunchScreen.storyboard in Resources */,
				18DEBF2E21C50AD5004E88DD /* CountryCode in Resources */,
				18AE41F62199E2680008B792 /* server.cer in Resources */,
				18E13ED521BD630B006FCE28 /* Widgets in Resources */,
				18E8CB89219331A400E29383 /* Assets.xcassets in Resources */,
				18E08D2021CBA120007AACB4 /* ImgPicker.xib in Resources */,
				18E08D2421CBFD71007AACB4 /* SingleImg.xib in Resources */,
			);
			runOnlyForDeploymentPostprocessing = 0;
		};
		18E8CB90219331A400E29383 /* Resources */ = {
			isa = PBXResourcesBuildPhase;
			buildActionMask = 2147483647;
			files = (
			);
			runOnlyForDeploymentPostprocessing = 0;
		};
		18E8CB9B219331A400E29383 /* Resources */ = {
			isa = PBXResourcesBuildPhase;
			buildActionMask = 2147483647;
			files = (
			);
			runOnlyForDeploymentPostprocessing = 0;
		};
/* End PBXResourcesBuildPhase section */

/* Begin PBXSourcesBuildPhase section */
		18E8CB78219331A400E29383 /* Sources */ = {
			isa = PBXSourcesBuildPhase;
			buildActionMask = 2147483647;
			files = (
				18D3A8E52198061100EB3289 /* Data+Contact.swift in Sources */,
				18DB28BE21A5B9CC0024092C /* Observer.swift in Sources */,
				18DB289221A03FCC0024092C /* View+Contact.swift in Sources */,
				1801E9B221BFB1ED004C3FE2 /* View+ImgPreview.swift in Sources */,
				18DB289821A1CD200024092C /* View+Conv.swift in Sources */,
				18FF5DE121C156A7008DB746 /* View+PostHeader.swift in Sources */,
				18AE420A219AC4170008B792 /* View+Login.swift in Sources */,
				189AC5D221D9CBDA0008BB95 /* Widget+Tags.swift in Sources */,
				18DB289C21A3AF750024092C /* Req+Tag.swift in Sources */,
				18D3A8DF2197F3CD00EB3289 /* View+Messages.swift in Sources */,
				1897D02221D8E6DF00E4A02A /* View+Posts.swift in Sources */,
				18E08D2921CE7798007AACB4 /* View+Loading.swift in Sources */,
				185D415821EC341000A0C660 /* View+SearchGroup.swift in Sources */,
				1860EFC321D4BC0B00402460 /* Req+Cmt.swift in Sources */,
				18E8CBB02193441500E29383 /* Requests.swift in Sources */,
				180EC4C121E2F47900595495 /* Widget+UserCell.swift in Sources */,
				1897D00D21D888E200E4A02A /* Data+Time.swift in Sources */,
				1897D00B21D5DD1800E4A02A /* View+ImgFullview.swift in Sources */,
				185D416221EC870200A0C660 /* Req+Group.swift in Sources */,
				18DB28C021A6CCE60024092C /* Req+LogReg.swift in Sources */,
				18DB289621A1C2C30024092C /* Data+Msg.swift in Sources */,
				1854304721AD78A4004973E6 /* View+CreatePost.swift in Sources */,
				18DEBF3021C512EB004E88DD /* Data+Cell.swift in Sources */,
				18DB289421A145410024092C /* Req+Msg.swift in Sources */,
				180EC4BF21E2EE8800595495 /* Req+Stranger.swift in Sources */,
				18DB287A219D85BF0024092C /* View+MoveMembers.swift in Sources */,
				18E08D2721CE573A007AACB4 /* Data+Cache.swift in Sources */,
				18AE420C219AE3AD0008B792 /* Data+User.swift in Sources */,
				18DEBF3221C5F0D7004E88DD /* Data+Image.swift in Sources */,
				18E8CB80219331A400E29383 /* AppDelegate.swift in Sources */,
				18D3A8E32198017000EB3289 /* View+PostsTable.swift in Sources */,
				18DB289A21A3A8BA0024092C /* Req+Contact.swift in Sources */,
				18D3A8E12198015C00EB3289 /* View+Users.swift in Sources */,
				1806A87821B7F556005A5AF1 /* View+ImagePicker.swift in Sources */,
				18F8622B21DBA6A00089D953 /* View+PostNotifies.swift in Sources */,
				18FF5DD921C14BF9008DB746 /* View+Settings.swift in Sources */,
				1897D02021D8DF3000E4A02A /* UILabel+YBAttributeTextTapAction.m in Sources */,
				1860EFC521D53ED600402460 /* View+UserNotifies.swift in Sources */,
				1854304521AC3D99004973E6 /* Req+Post.swift in Sources */,
				1854304921B01E27004973E6 /* Data+Post.swift in Sources */,
				180EC4C321E32A0600595495 /* Data+Tag.swift in Sources */,
				18F8623521DCB2590089D953 /* View+SinglePost.swift in Sources */,
				18EC43D421C9529700DF18F2 /* View+SingleImage.swift in Sources */,
				180EC4C521E375BA00595495 /* View+Users+Stranger.swift in Sources */,
			);
			runOnlyForDeploymentPostprocessing = 0;
		};
		18E8CB8E219331A400E29383 /* Sources */ = {
			isa = PBXSourcesBuildPhase;
			buildActionMask = 2147483647;
			files = (
				18E8CB97219331A400E29383 /* PeopleConnectTests.swift in Sources */,
			);
			runOnlyForDeploymentPostprocessing = 0;
		};
		18E8CB99219331A400E29383 /* Sources */ = {
			isa = PBXSourcesBuildPhase;
			buildActionMask = 2147483647;
			files = (
				18E8CBA2219331A400E29383 /* PeopleConnectUITests.swift in Sources */,
			);
			runOnlyForDeploymentPostprocessing = 0;
		};
/* End PBXSourcesBuildPhase section */

/* Begin PBXTargetDependency section */
		18D3A9422199796100EB3289 /* PBXTargetDependency */ = {
			isa = PBXTargetDependency;
			name = "AFNetworking iOS";
			targetProxy = 18D3A9412199796100EB3289 /* PBXContainerItemProxy */;
		};
		18DB28B621A5B9590024092C /* PBXTargetDependency */ = {
			isa = PBXTargetDependency;
			name = "iOS CocoaAsyncSocket";
			targetProxy = 18DB28B521A5B9590024092C /* PBXContainerItemProxy */;
		};
		18E8CB94219331A400E29383 /* PBXTargetDependency */ = {
			isa = PBXTargetDependency;
			target = 18E8CB7B219331A400E29383 /* PeopleConnect */;
			targetProxy = 18E8CB93219331A400E29383 /* PBXContainerItemProxy */;
		};
		18E8CB9F219331A400E29383 /* PBXTargetDependency */ = {
			isa = PBXTargetDependency;
			target = 18E8CB7B219331A400E29383 /* PeopleConnect */;
			targetProxy = 18E8CB9E219331A400E29383 /* PBXContainerItemProxy */;
		};
/* End PBXTargetDependency section */

/* Begin PBXVariantGroup section */
		18E8CB8A219331A400E29383 /* LaunchScreen.storyboard */ = {
			isa = PBXVariantGroup;
			children = (
				18E8CB8B219331A400E29383 /* Base */,
			);
			name = LaunchScreen.storyboard;
			sourceTree = "<group>";
		};
		18EC43D021C92B9C00DF18F2 /* Main.storyboard */ = {
			isa = PBXVariantGroup;
			children = (
				18EC43D121C92B9C00DF18F2 /* Base */,
			);
			name = Main.storyboard;
			sourceTree = "<group>";
		};
/* End PBXVariantGroup section */

/* Begin XCBuildConfiguration section */
		18E8CBA4219331A400E29383 /* Debug */ = {
			isa = XCBuildConfiguration;
			buildSettings = {
				ALWAYS_SEARCH_USER_PATHS = NO;
				CLANG_CXX_LANGUAGE_STANDARD = "gnu++0x";
				CLANG_CXX_LIBRARY = "libc++";
				CLANG_ENABLE_MODULES = YES;
				CLANG_ENABLE_OBJC_ARC = YES;
				CLANG_WARN_BOOL_CONVERSION = YES;
				CLANG_WARN_CONSTANT_CONVERSION = YES;
				CLANG_WARN_DIRECT_OBJC_ISA_USAGE = YES_ERROR;
				CLANG_WARN_EMPTY_BODY = YES;
				CLANG_WARN_ENUM_CONVERSION = YES;
				CLANG_WARN_INT_CONVERSION = YES;
				CLANG_WARN_OBJC_ROOT_CLASS = YES_ERROR;
				CLANG_WARN_UNREACHABLE_CODE = YES;
				CLANG_WARN__DUPLICATE_METHOD_MATCH = YES;
				"CODE_SIGN_IDENTITY[sdk=iphoneos*]" = "iPhone Developer";
				COPY_PHASE_STRIP = NO;
				DEBUG_INFORMATION_FORMAT = dwarf;
				ENABLE_STRICT_OBJC_MSGSEND = YES;
				ENABLE_TESTABILITY = YES;
				GCC_C_LANGUAGE_STANDARD = gnu99;
				GCC_DYNAMIC_NO_PIC = NO;
				GCC_NO_COMMON_BLOCKS = YES;
				GCC_OPTIMIZATION_LEVEL = 0;
				GCC_PREPROCESSOR_DEFINITIONS = (
					"DEBUG=1",
					"$(inherited)",
				);
				GCC_WARN_64_TO_32_BIT_CONVERSION = YES;
				GCC_WARN_ABOUT_RETURN_TYPE = YES_ERROR;
				GCC_WARN_UNDECLARED_SELECTOR = YES;
				GCC_WARN_UNINITIALIZED_AUTOS = YES_AGGRESSIVE;
				GCC_WARN_UNUSED_FUNCTION = YES;
				GCC_WARN_UNUSED_VARIABLE = YES;
				IPHONEOS_DEPLOYMENT_TARGET = 9.2;
				MTL_ENABLE_DEBUG_INFO = YES;
				ONLY_ACTIVE_ARCH = YES;
				SDKROOT = iphoneos;
				SWIFT_OPTIMIZATION_LEVEL = "-Onone";
				TARGETED_DEVICE_FAMILY = "1,2";
			};
			name = Debug;
		};
		18E8CBA5219331A400E29383 /* Release */ = {
			isa = XCBuildConfiguration;
			buildSettings = {
				ALWAYS_SEARCH_USER_PATHS = NO;
				CLANG_CXX_LANGUAGE_STANDARD = "gnu++0x";
				CLANG_CXX_LIBRARY = "libc++";
				CLANG_ENABLE_MODULES = YES;
				CLANG_ENABLE_OBJC_ARC = YES;
				CLANG_WARN_BOOL_CONVERSION = YES;
				CLANG_WARN_CONSTANT_CONVERSION = YES;
				CLANG_WARN_DIRECT_OBJC_ISA_USAGE = YES_ERROR;
				CLANG_WARN_EMPTY_BODY = YES;
				CLANG_WARN_ENUM_CONVERSION = YES;
				CLANG_WARN_INT_CONVERSION = YES;
				CLANG_WARN_OBJC_ROOT_CLASS = YES_ERROR;
				CLANG_WARN_UNREACHABLE_CODE = YES;
				CLANG_WARN__DUPLICATE_METHOD_MATCH = YES;
				"CODE_SIGN_IDENTITY[sdk=iphoneos*]" = "iPhone Developer";
				COPY_PHASE_STRIP = NO;
				DEBUG_INFORMATION_FORMAT = "dwarf-with-dsym";
				ENABLE_NS_ASSERTIONS = NO;
				ENABLE_STRICT_OBJC_MSGSEND = YES;
				GCC_C_LANGUAGE_STANDARD = gnu99;
				GCC_NO_COMMON_BLOCKS = YES;
				GCC_WARN_64_TO_32_BIT_CONVERSION = YES;
				GCC_WARN_ABOUT_RETURN_TYPE = YES_ERROR;
				GCC_WARN_UNDECLARED_SELECTOR = YES;
				GCC_WARN_UNINITIALIZED_AUTOS = YES_AGGRESSIVE;
				GCC_WARN_UNUSED_FUNCTION = YES;
				GCC_WARN_UNUSED_VARIABLE = YES;
				IPHONEOS_DEPLOYMENT_TARGET = 9.2;
				MTL_ENABLE_DEBUG_INFO = NO;
				SDKROOT = iphoneos;
				TARGETED_DEVICE_FAMILY = "1,2";
				VALIDATE_PRODUCT = YES;
			};
			name = Release;
		};
		18E8CBA7219331A400E29383 /* Debug */ = {
			isa = XCBuildConfiguration;
			buildSettings = {
				ASSETCATALOG_COMPILER_APPICON_NAME = AppIcon;
				CLANG_ENABLE_MODULES = YES;
				EMBEDDED_CONTENT_CONTAINS_SWIFT = YES;
				INFOPLIST_FILE = PeopleConnect/Info.plist;
				IPHONEOS_DEPLOYMENT_TARGET = 9.2;
				LD_RUNPATH_SEARCH_PATHS = "$(inherited) @executable_path/Frameworks";
				PRODUCT_BUNDLE_IDENTIFIER = Pan.PeopleConnect;
				PRODUCT_NAME = "$(TARGET_NAME)";
				SWIFT_OBJC_BRIDGING_HEADER = "PeopleConnect/Bridging-Header.h";
				SWIFT_OPTIMIZATION_LEVEL = "-Onone";
				TARGETED_DEVICE_FAMILY = "1,2";
			};
			name = Debug;
		};
		18E8CBA8219331A400E29383 /* Release */ = {
			isa = XCBuildConfiguration;
			buildSettings = {
				ASSETCATALOG_COMPILER_APPICON_NAME = AppIcon;
				CLANG_ENABLE_MODULES = YES;
				EMBEDDED_CONTENT_CONTAINS_SWIFT = YES;
				INFOPLIST_FILE = PeopleConnect/Info.plist;
				IPHONEOS_DEPLOYMENT_TARGET = 9.2;
				LD_RUNPATH_SEARCH_PATHS = "$(inherited) @executable_path/Frameworks";
				PRODUCT_BUNDLE_IDENTIFIER = Pan.PeopleConnect;
				PRODUCT_NAME = "$(TARGET_NAME)";
				SWIFT_OBJC_BRIDGING_HEADER = "PeopleConnect/Bridging-Header.h";
				TARGETED_DEVICE_FAMILY = "1,2";
			};
			name = Release;
		};
		18E8CBAA219331A400E29383 /* Debug */ = {
			isa = XCBuildConfiguration;
			buildSettings = {
				BUNDLE_LOADER = "$(TEST_HOST)";
				INFOPLIST_FILE = PeopleConnectTests/Info.plist;
				LD_RUNPATH_SEARCH_PATHS = "$(inherited) @executable_path/Frameworks @loader_path/Frameworks";
				PRODUCT_BUNDLE_IDENTIFIER = Pan.PeopleConnectTests;
				PRODUCT_NAME = "$(TARGET_NAME)";
				TEST_HOST = "$(BUILT_PRODUCTS_DIR)/PeopleConnect.app/PeopleConnect";
			};
			name = Debug;
		};
		18E8CBAB219331A400E29383 /* Release */ = {
			isa = XCBuildConfiguration;
			buildSettings = {
				BUNDLE_LOADER = "$(TEST_HOST)";
				INFOPLIST_FILE = PeopleConnectTests/Info.plist;
				LD_RUNPATH_SEARCH_PATHS = "$(inherited) @executable_path/Frameworks @loader_path/Frameworks";
				PRODUCT_BUNDLE_IDENTIFIER = Pan.PeopleConnectTests;
				PRODUCT_NAME = "$(TARGET_NAME)";
				TEST_HOST = "$(BUILT_PRODUCTS_DIR)/PeopleConnect.app/PeopleConnect";
			};
			name = Release;
		};
		18E8CBAD219331A400E29383 /* Debug */ = {
			isa = XCBuildConfiguration;
			buildSettings = {
				INFOPLIST_FILE = PeopleConnectUITests/Info.plist;
				LD_RUNPATH_SEARCH_PATHS = "$(inherited) @executable_path/Frameworks @loader_path/Frameworks";
				PRODUCT_BUNDLE_IDENTIFIER = Pan.PeopleConnectUITests;
				PRODUCT_NAME = "$(TARGET_NAME)";
				TEST_TARGET_NAME = PeopleConnect;
				USES_XCTRUNNER = YES;
			};
			name = Debug;
		};
		18E8CBAE219331A400E29383 /* Release */ = {
			isa = XCBuildConfiguration;
			buildSettings = {
				INFOPLIST_FILE = PeopleConnectUITests/Info.plist;
				LD_RUNPATH_SEARCH_PATHS = "$(inherited) @executable_path/Frameworks @loader_path/Frameworks";
				PRODUCT_BUNDLE_IDENTIFIER = Pan.PeopleConnectUITests;
				PRODUCT_NAME = "$(TARGET_NAME)";
				TEST_TARGET_NAME = PeopleConnect;
				USES_XCTRUNNER = YES;
			};
			name = Release;
		};
/* End XCBuildConfiguration section */

/* Begin XCConfigurationList section */
		18E8CB77219331A400E29383 /* Build configuration list for PBXProject "PeopleConnect" */ = {
			isa = XCConfigurationList;
			buildConfigurations = (
				18E8CBA4219331A400E29383 /* Debug */,
				18E8CBA5219331A400E29383 /* Release */,
			);
			defaultConfigurationIsVisible = 0;
			defaultConfigurationName = Release;
		};
		18E8CBA6219331A400E29383 /* Build configuration list for PBXNativeTarget "PeopleConnect" */ = {
			isa = XCConfigurationList;
			buildConfigurations = (
				18E8CBA7219331A400E29383 /* Debug */,
				18E8CBA8219331A400E29383 /* Release */,
			);
			defaultConfigurationIsVisible = 0;
			defaultConfigurationName = Release;
		};
		18E8CBA9219331A400E29383 /* Build configuration list for PBXNativeTarget "PeopleConnectTests" */ = {
			isa = XCConfigurationList;
			buildConfigurations = (
				18E8CBAA219331A400E29383 /* Debug */,
				18E8CBAB219331A400E29383 /* Release */,
			);
			defaultConfigurationIsVisible = 0;
			defaultConfigurationName = Release;
		};
		18E8CBAC219331A400E29383 /* Build configuration list for PBXNativeTarget "PeopleConnectUITests" */ = {
			isa = XCConfigurationList;
			buildConfigurations = (
				18E8CBAD219331A400E29383 /* Debug */,
				18E8CBAE219331A400E29383 /* Release */,
			);
			defaultConfigurationIsVisible = 0;
			defaultConfigurationName = Release;
		};
/* End XCConfigurationList section */
	};
	rootObject = 18E8CB74219331A400E29383 /* Project object */;
}
