// !$*UTF8*$!
{
	archiveVersion = 1;
	classes = {
	};
	objectVersion = 46;
	objects = {

/* Begin PBXBuildFile section */
		18D3A8DF2197F3CD00EB3289 /* MessegeView.swift in Sources */ = {isa = PBXBuildFile; fileRef = 18D3A8DE2197F3CD00EB3289 /* MessegeView.swift */; };
		18D3A8E12198015C00EB3289 /* ContactsView.swift in Sources */ = {isa = PBXBuildFile; fileRef = 18D3A8E02198015C00EB3289 /* ContactsView.swift */; };
		18D3A8E32198017000EB3289 /* PostsView.swift in Sources */ = {isa = PBXBuildFile; fileRef = 18D3A8E22198017000EB3289 /* PostsView.swift */; };
		18D3A8E52198061100EB3289 /* Contact.swift in Sources */ = {isa = PBXBuildFile; fileRef = 18D3A8E42198061100EB3289 /* Contact.swift */; };
		18E8CB80219331A400E29383 /* AppDelegate.swift in Sources */ = {isa = PBXBuildFile; fileRef = 18E8CB7F219331A400E29383 /* AppDelegate.swift */; };
		18E8CB87219331A400E29383 /* Main.storyboard in Resources */ = {isa = PBXBuildFile; fileRef = 18E8CB85219331A400E29383 /* Main.storyboard */; };
		18E8CB89219331A400E29383 /* Assets.xcassets in Resources */ = {isa = PBXBuildFile; fileRef = 18E8CB88219331A400E29383 /* Assets.xcassets */; };
		18E8CB8C219331A400E29383 /* LaunchScreen.storyboard in Resources */ = {isa = PBXBuildFile; fileRef = 18E8CB8A219331A400E29383 /* LaunchScreen.storyboard */; };
		18E8CB97219331A400E29383 /* PeopleConnectTests.swift in Sources */ = {isa = PBXBuildFile; fileRef = 18E8CB96219331A400E29383 /* PeopleConnectTests.swift */; };
		18E8CBA2219331A400E29383 /* PeopleConnectUITests.swift in Sources */ = {isa = PBXBuildFile; fileRef = 18E8CBA1219331A400E29383 /* PeopleConnectUITests.swift */; };
		18E8CBB02193441500E29383 /* Requests.swift in Sources */ = {isa = PBXBuildFile; fileRef = 18E8CBAF2193441500E29383 /* Requests.swift */; };
/* End PBXBuildFile section */

/* Begin PBXContainerItemProxy section */
		18E8CB93219331A400E29383 /* PBXContainerItemProxy */ = {
			isa = PBXContainerItemProxy;
			containerPortal = 18E8CB74219331A400E29383 /* Project object */;
			proxyType = 1;
			remoteGlobalIDString = 18E8CB7B219331A400E29383;
			remoteInfo = PeopleConnect;
		};
		18E8CB9E219331A400E29383 /* PBXContainerItemProxy */ = {
			isa = PBXContainerItemProxy;
			containerPortal = 18E8CB74219331A400E29383 /* Project object */;
			proxyType = 1;
			remoteGlobalIDString = 18E8CB7B219331A400E29383;
			remoteInfo = PeopleConnect;
		};
/* End PBXContainerItemProxy section */

/* Begin PBXCopyFilesBuildPhase section */
		18D3A91D219972FA00EB3289 /* Embed Frameworks */ = {
			isa = PBXCopyFilesBuildPhase;
			buildActionMask = 2147483647;
			dstPath = "";
			dstSubfolderSpec = 10;
			files = (
			);
			name = "Embed Frameworks";
			runOnlyForDeploymentPostprocessing = 0;
		};
/* End PBXCopyFilesBuildPhase section */

/* Begin PBXFileReference section */
		18D3A8DE2197F3CD00EB3289 /* MessegeView.swift */ = {isa = PBXFileReference; fileEncoding = 4; lastKnownFileType = sourcecode.swift; path = MessegeView.swift; sourceTree = "<group>"; };
		18D3A8E02198015C00EB3289 /* ContactsView.swift */ = {isa = PBXFileReference; fileEncoding = 4; lastKnownFileType = sourcecode.swift; path = ContactsView.swift; sourceTree = "<group>"; };
		18D3A8E22198017000EB3289 /* PostsView.swift */ = {isa = PBXFileReference; fileEncoding = 4; lastKnownFileType = sourcecode.swift; path = PostsView.swift; sourceTree = "<group>"; };
		18D3A8E42198061100EB3289 /* Contact.swift */ = {isa = PBXFileReference; fileEncoding = 4; lastKnownFileType = sourcecode.swift; path = Contact.swift; sourceTree = "<group>"; };
		18E8CB7C219331A400E29383 /* PeopleConnect.app */ = {isa = PBXFileReference; explicitFileType = wrapper.application; includeInIndex = 0; path = PeopleConnect.app; sourceTree = BUILT_PRODUCTS_DIR; };
		18E8CB7F219331A400E29383 /* AppDelegate.swift */ = {isa = PBXFileReference; lastKnownFileType = sourcecode.swift; path = AppDelegate.swift; sourceTree = "<group>"; };
		18E8CB86219331A400E29383 /* Base */ = {isa = PBXFileReference; lastKnownFileType = file.storyboard; name = Base; path = Base.lproj/Main.storyboard; sourceTree = "<group>"; };
		18E8CB88219331A400E29383 /* Assets.xcassets */ = {isa = PBXFileReference; lastKnownFileType = folder.assetcatalog; path = Assets.xcassets; sourceTree = "<group>"; };
		18E8CB8B219331A400E29383 /* Base */ = {isa = PBXFileReference; lastKnownFileType = file.storyboard; name = Base; path = Base.lproj/LaunchScreen.storyboard; sourceTree = "<group>"; };
		18E8CB8D219331A400E29383 /* Info.plist */ = {isa = PBXFileReference; lastKnownFileType = text.plist.xml; path = Info.plist; sourceTree = "<group>"; };
		18E8CB92219331A400E29383 /* PeopleConnectTests.xctest */ = {isa = PBXFileReference; explicitFileType = wrapper.cfbundle; includeInIndex = 0; path = PeopleConnectTests.xctest; sourceTree = BUILT_PRODUCTS_DIR; };
		18E8CB96219331A400E29383 /* PeopleConnectTests.swift */ = {isa = PBXFileReference; lastKnownFileType = sourcecode.swift; path = PeopleConnectTests.swift; sourceTree = "<group>"; };
		18E8CB98219331A400E29383 /* Info.plist */ = {isa = PBXFileReference; lastKnownFileType = text.plist.xml; path = Info.plist; sourceTree = "<group>"; };
		18E8CB9D219331A400E29383 /* PeopleConnectUITests.xctest */ = {isa = PBXFileReference; explicitFileType = wrapper.cfbundle; includeInIndex = 0; path = PeopleConnectUITests.xctest; sourceTree = BUILT_PRODUCTS_DIR; };
		18E8CBA1219331A400E29383 /* PeopleConnectUITests.swift */ = {isa = PBXFileReference; lastKnownFileType = sourcecode.swift; path = PeopleConnectUITests.swift; sourceTree = "<group>"; };
		18E8CBA3219331A400E29383 /* Info.plist */ = {isa = PBXFileReference; lastKnownFileType = text.plist.xml; path = Info.plist; sourceTree = "<group>"; };
		18E8CBAF2193441500E29383 /* Requests.swift */ = {isa = PBXFileReference; fileEncoding = 4; lastKnownFileType = sourcecode.swift; path = Requests.swift; sourceTree = "<group>"; };
/* End PBXFileReference section */

/* Begin PBXFrameworksBuildPhase section */
		18E8CB79219331A400E29383 /* Frameworks */ = {
			isa = PBXFrameworksBuildPhase;
			buildActionMask = 2147483647;
			files = (
			);
			runOnlyForDeploymentPostprocessing = 0;
		};
		18E8CB8F219331A400E29383 /* Frameworks */ = {
			isa = PBXFrameworksBuildPhase;
			buildActionMask = 2147483647;
			files = (
			);
			runOnlyForDeploymentPostprocessing = 0;
		};
		18E8CB9A219331A400E29383 /* Frameworks */ = {
			isa = PBXFrameworksBuildPhase;
			buildActionMask = 2147483647;
			files = (
			);
			runOnlyForDeploymentPostprocessing = 0;
		};
/* End PBXFrameworksBuildPhase section */

/* Begin PBXGroup section */
		18E8CB73219331A400E29383 = {
			isa = PBXGroup;
			children = (
				18E8CB7E219331A400E29383 /* PeopleConnect */,
				18E8CB95219331A400E29383 /* PeopleConnectTests */,
				18E8CBA0219331A400E29383 /* PeopleConnectUITests */,
				18E8CB7D219331A400E29383 /* Products */,
			);
			sourceTree = "<group>";
		};
		18E8CB7D219331A400E29383 /* Products */ = {
			isa = PBXGroup;
			children = (
				18E8CB7C219331A400E29383 /* PeopleConnect.app */,
				18E8CB92219331A400E29383 /* PeopleConnectTests.xctest */,
				18E8CB9D219331A400E29383 /* PeopleConnectUITests.xctest */,
			);
			name = Products;
			sourceTree = "<group>";
		};
		18E8CB7E219331A400E29383 /* PeopleConnect */ = {
			isa = PBXGroup;
			children = (
				18E8CB7F219331A400E29383 /* AppDelegate.swift */,
				18E8CBAF2193441500E29383 /* Requests.swift */,
				18D3A8E42198061100EB3289 /* Contact.swift */,
				18D3A8DE2197F3CD00EB3289 /* MessegeView.swift */,
				18D3A8E02198015C00EB3289 /* ContactsView.swift */,
				18D3A8E22198017000EB3289 /* PostsView.swift */,
				18E8CB85219331A400E29383 /* Main.storyboard */,
				18E8CB88219331A400E29383 /* Assets.xcassets */,
				18E8CB8A219331A400E29383 /* LaunchScreen.storyboard */,
				18E8CB8D219331A400E29383 /* Info.plist */,
			);
			path = PeopleConnect;
			sourceTree = "<group>";
		};
		18E8CB95219331A400E29383 /* PeopleConnectTests */ = {
			isa = PBXGroup;
			children = (
				18E8CB96219331A400E29383 /* PeopleConnectTests.swift */,
				18E8CB98219331A400E29383 /* Info.plist */,
			);
			path = PeopleConnectTests;
			sourceTree = "<group>";
		};
		18E8CBA0219331A400E29383 /* PeopleConnectUITests */ = {
			isa = PBXGroup;
			children = (
				18E8CBA1219331A400E29383 /* PeopleConnectUITests.swift */,
				18E8CBA3219331A400E29383 /* Info.plist */,
			);
			path = PeopleConnectUITests;
			sourceTree = "<group>";
		};
/* End PBXGroup section */

/* Begin PBXNativeTarget section */
		18E8CB7B219331A400E29383 /* PeopleConnect */ = {
			isa = PBXNativeTarget;
			buildConfigurationList = 18E8CBA6219331A400E29383 /* Build configuration list for PBXNativeTarget "PeopleConnect" */;
			buildPhases = (
				18E8CB78219331A400E29383 /* Sources */,
				18E8CB79219331A400E29383 /* Frameworks */,
				18E8CB7A219331A400E29383 /* Resources */,
				18D3A91D219972FA00EB3289 /* Embed Frameworks */,
			);
			buildRules = (
			);
			dependencies = (
			);
			name = PeopleConnect;
			productName = PeopleConnect;
			productReference = 18E8CB7C219331A400E29383 /* PeopleConnect.app */;
			productType = "com.apple.product-type.application";
		};
		18E8CB91219331A400E29383 /* PeopleConnectTests */ = {
			isa = PBXNativeTarget;
			buildConfigurationList = 18E8CBA9219331A400E29383 /* Build configuration list for PBXNativeTarget "PeopleConnectTests" */;
			buildPhases = (
				18E8CB8E219331A400E29383 /* Sources */,
				18E8CB8F219331A400E29383 /* Frameworks */,
				18E8CB90219331A400E29383 /* Resources */,
			);
			buildRules = (
			);
			dependencies = (
				18E8CB94219331A400E29383 /* PBXTargetDependency */,
			);
			name = PeopleConnectTests;
			productName = PeopleConnectTests;
			productReference = 18E8CB92219331A400E29383 /* PeopleConnectTests.xctest */;
			productType = "com.apple.product-type.bundle.unit-test";
		};
		18E8CB9C219331A400E29383 /* PeopleConnectUITests */ = {
			isa = PBXNativeTarget;
			buildConfigurationList = 18E8CBAC219331A400E29383 /* Build configuration list for PBXNativeTarget "PeopleConnectUITests" */;
			buildPhases = (
				18E8CB99219331A400E29383 /* Sources */,
				18E8CB9A219331A400E29383 /* Frameworks */,
				18E8CB9B219331A400E29383 /* Resources */,
			);
			buildRules = (
			);
			dependencies = (
				18E8CB9F219331A400E29383 /* PBXTargetDependency */,
			);
			name = PeopleConnectUITests;
			productName = PeopleConnectUITests;
			productReference = 18E8CB9D219331A400E29383 /* PeopleConnectUITests.xctest */;
			productType = "com.apple.product-type.bundle.ui-testing";
		};
/* End PBXNativeTarget section */

/* Begin PBXProject section */
		18E8CB74219331A400E29383 /* Project object */ = {
			isa = PBXProject;
			attributes = {
				LastSwiftUpdateCheck = 0720;
				LastUpgradeCheck = 0720;
				ORGANIZATIONNAME = "Pan's studio";
				TargetAttributes = {
					18E8CB7B219331A400E29383 = {
						CreatedOnToolsVersion = 7.2.1;
					};
					18E8CB91219331A400E29383 = {
						CreatedOnToolsVersion = 7.2.1;
						TestTargetID = 18E8CB7B219331A400E29383;
					};
					18E8CB9C219331A400E29383 = {
						CreatedOnToolsVersion = 7.2.1;
						TestTargetID = 18E8CB7B219331A400E29383;
					};
				};
			};
			buildConfigurationList = 18E8CB77219331A400E29383 /* Build configuration list for PBXProject "PeopleConnect" */;
			compatibilityVersion = "Xcode 3.2";
			developmentRegion = English;
			hasScannedForEncodings = 0;
			knownRegions = (
				en,
				Base,
			);
			mainGroup = 18E8CB73219331A400E29383;
			productRefGroup = 18E8CB7D219331A400E29383 /* Products */;
			projectDirPath = "";
			projectRoot = "";
			targets = (
				18E8CB7B219331A400E29383 /* PeopleConnect */,
				18E8CB91219331A400E29383 /* PeopleConnectTests */,
				18E8CB9C219331A400E29383 /* PeopleConnectUITests */,
			);
		};
/* End PBXProject section */

/* Begin PBXResourcesBuildPhase section */
		18E8CB7A219331A400E29383 /* Resources */ = {
			isa = PBXResourcesBuildPhase;
			buildActionMask = 2147483647;
			files = (
				18E8CB8C219331A400E29383 /* LaunchScreen.storyboard in Resources */,
				18E8CB89219331A400E29383 /* Assets.xcassets in Resources */,
				18E8CB87219331A400E29383 /* Main.storyboard in Resources */,
			);
			runOnlyForDeploymentPostprocessing = 0;
		};
		18E8CB90219331A400E29383 /* Resources */ = {
			isa = PBXResourcesBuildPhase;
			buildActionMask = 2147483647;
			files = (
			);
			runOnlyForDeploymentPostprocessing = 0;
		};
		18E8CB9B219331A400E29383 /* Resources */ = {
			isa = PBXResourcesBuildPhase;
			buildActionMask = 2147483647;
			files = (
			);
			runOnlyForDeploymentPostprocessing = 0;
		};
/* End PBXResourcesBuildPhase section */

/* Begin PBXSourcesBuildPhase section */
		18E8CB78219331A400E29383 /* Sources */ = {
			isa = PBXSourcesBuildPhase;
			buildActionMask = 2147483647;
			files = (
				18D3A8E52198061100EB3289 /* Contact.swift in Sources */,
				18D3A8DF2197F3CD00EB3289 /* MessegeView.swift in Sources */,
				18E8CBB02193441500E29383 /* Requests.swift in Sources */,
				18E8CB80219331A400E29383 /* AppDelegate.swift in Sources */,
				18D3A8E32198017000EB3289 /* PostsView.swift in Sources */,
				18D3A8E12198015C00EB3289 /* ContactsView.swift in Sources */,
			);
			runOnlyForDeploymentPostprocessing = 0;
		};
		18E8CB8E219331A400E29383 /* Sources */ = {
			isa = PBXSourcesBuildPhase;
			buildActionMask = 2147483647;
			files = (
				18E8CB97219331A400E29383 /* PeopleConnectTests.swift in Sources */,
			);
			runOnlyForDeploymentPostprocessing = 0;
		};
		18E8CB99219331A400E29383 /* Sources */ = {
			isa = PBXSourcesBuildPhase;
			buildActionMask = 2147483647;
			files = (
				18E8CBA2219331A400E29383 /* PeopleConnectUITests.swift in Sources */,
			);
			runOnlyForDeploymentPostprocessing = 0;
		};
/* End PBXSourcesBuildPhase section */

/* Begin PBXTargetDependency section */
		18E8CB94219331A400E29383 /* PBXTargetDependency */ = {
			isa = PBXTargetDependency;
			target = 18E8CB7B219331A400E29383 /* PeopleConnect */;
			targetProxy = 18E8CB93219331A400E29383 /* PBXContainerItemProxy */;
		};
		18E8CB9F219331A400E29383 /* PBXTargetDependency */ = {
			isa = PBXTargetDependency;
			target = 18E8CB7B219331A400E29383 /* PeopleConnect */;
			targetProxy = 18E8CB9E219331A400E29383 /* PBXContainerItemProxy */;
		};
/* End PBXTargetDependency section */

/* Begin PBXVariantGroup section */
		18E8CB85219331A400E29383 /* Main.storyboard */ = {
			isa = PBXVariantGroup;
			children = (
				18E8CB86219331A400E29383 /* Base */,
			);
			name = Main.storyboard;
			sourceTree = "<group>";
		};
		18E8CB8A219331A400E29383 /* LaunchScreen.storyboard */ = {
			isa = PBXVariantGroup;
			children = (
				18E8CB8B219331A400E29383 /* Base */,
			);
			name = LaunchScreen.storyboard;
			sourceTree = "<group>";
		};
/* End PBXVariantGroup section */

/* Begin XCBuildConfiguration section */
		18E8CBA4219331A400E29383 /* Debug */ = {
			isa = XCBuildConfiguration;
			buildSettings = {
				ALWAYS_SEARCH_USER_PATHS = NO;
				CLANG_CXX_LANGUAGE_STANDARD = "gnu++0x";
				CLANG_CXX_LIBRARY = "libc++";
				CLANG_ENABLE_MODULES = YES;
				CLANG_ENABLE_OBJC_ARC = YES;
				CLANG_WARN_BOOL_CONVERSION = YES;
				CLANG_WARN_CONSTANT_CONVERSION = YES;
				CLANG_WARN_DIRECT_OBJC_ISA_USAGE = YES_ERROR;
				CLANG_WARN_EMPTY_BODY = YES;
				CLANG_WARN_ENUM_CONVERSION = YES;
				CLANG_WARN_INT_CONVERSION = YES;
				CLANG_WARN_OBJC_ROOT_CLASS = YES_ERROR;
				CLANG_WARN_UNREACHABLE_CODE = YES;
				CLANG_WARN__DUPLICATE_METHOD_MATCH = YES;
				"CODE_SIGN_IDENTITY[sdk=iphoneos*]" = "iPhone Developer";
				COPY_PHASE_STRIP = NO;
				DEBUG_INFORMATION_FORMAT = dwarf;
				ENABLE_STRICT_OBJC_MSGSEND = YES;
				ENABLE_TESTABILITY = YES;
				GCC_C_LANGUAGE_STANDARD = gnu99;
				GCC_DYNAMIC_NO_PIC = NO;
				GCC_NO_COMMON_BLOCKS = YES;
				GCC_OPTIMIZATION_LEVEL = 0;
				GCC_PREPROCESSOR_DEFINITIONS = (
					"DEBUG=1",
					"$(inherited)",
				);
				GCC_WARN_64_TO_32_BIT_CONVERSION = YES;
				GCC_WARN_ABOUT_RETURN_TYPE = YES_ERROR;
				GCC_WARN_UNDECLARED_SELECTOR = YES;
				GCC_WARN_UNINITIALIZED_AUTOS = YES_AGGRESSIVE;
				GCC_WARN_UNUSED_FUNCTION = YES;
				GCC_WARN_UNUSED_VARIABLE = YES;
				IPHONEOS_DEPLOYMENT_TARGET = 9.2;
				MTL_ENABLE_DEBUG_INFO = YES;
				ONLY_ACTIVE_ARCH = YES;
				SDKROOT = iphoneos;
				SWIFT_OPTIMIZATION_LEVEL = "-Onone";
				TARGETED_DEVICE_FAMILY = "1,2";
			};
			name = Debug;
		};
		18E8CBA5219331A400E29383 /* Release */ = {
			isa = XCBuildConfiguration;
			buildSettings = {
				ALWAYS_SEARCH_USER_PATHS = NO;
				CLANG_CXX_LANGUAGE_STANDARD = "gnu++0x";
				CLANG_CXX_LIBRARY = "libc++";
				CLANG_ENABLE_MODULES = YES;
				CLANG_ENABLE_OBJC_ARC = YES;
				CLANG_WARN_BOOL_CONVERSION = YES;
				CLANG_WARN_CONSTANT_CONVERSION = YES;
				CLANG_WARN_DIRECT_OBJC_ISA_USAGE = YES_ERROR;
				CLANG_WARN_EMPTY_BODY = YES;
				CLANG_WARN_ENUM_CONVERSION = YES;
				CLANG_WARN_INT_CONVERSION = YES;
				CLANG_WARN_OBJC_ROOT_CLASS = YES_ERROR;
				CLANG_WARN_UNREACHABLE_CODE = YES;
				CLANG_WARN__DUPLICATE_METHOD_MATCH = YES;
				"CODE_SIGN_IDENTITY[sdk=iphoneos*]" = "iPhone Developer";
				COPY_PHASE_STRIP = NO;
				DEBUG_INFORMATION_FORMAT = "dwarf-with-dsym";
				ENABLE_NS_ASSERTIONS = NO;
				ENABLE_STRICT_OBJC_MSGSEND = YES;
				GCC_C_LANGUAGE_STANDARD = gnu99;
				GCC_NO_COMMON_BLOCKS = YES;
				GCC_WARN_64_TO_32_BIT_CONVERSION = YES;
				GCC_WARN_ABOUT_RETURN_TYPE = YES_ERROR;
				GCC_WARN_UNDECLARED_SELECTOR = YES;
				GCC_WARN_UNINITIALIZED_AUTOS = YES_AGGRESSIVE;
				GCC_WARN_UNUSED_FUNCTION = YES;
				GCC_WARN_UNUSED_VARIABLE = YES;
				IPHONEOS_DEPLOYMENT_TARGET = 9.2;
				MTL_ENABLE_DEBUG_INFO = NO;
				SDKROOT = iphoneos;
				TARGETED_DEVICE_FAMILY = "1,2";
				VALIDATE_PRODUCT = YES;
			};
			name = Release;
		};
		18E8CBA7219331A400E29383 /* Debug */ = {
			isa = XCBuildConfiguration;
			buildSettings = {
				ASSETCATALOG_COMPILER_APPICON_NAME = AppIcon;
				INFOPLIST_FILE = PeopleConnect/Info.plist;
				LD_RUNPATH_SEARCH_PATHS = "$(inherited) @executable_path/Frameworks";
				PRODUCT_BUNDLE_IDENTIFIER = Pan.PeopleConnect;
				PRODUCT_NAME = "$(TARGET_NAME)";
			};
			name = Debug;
		};
		18E8CBA8219331A400E29383 /* Release */ = {
			isa = XCBuildConfiguration;
			buildSettings = {
				ASSETCATALOG_COMPILER_APPICON_NAME = AppIcon;
				INFOPLIST_FILE = PeopleConnect/Info.plist;
				LD_RUNPATH_SEARCH_PATHS = "$(inherited) @executable_path/Frameworks";
				PRODUCT_BUNDLE_IDENTIFIER = Pan.PeopleConnect;
				PRODUCT_NAME = "$(TARGET_NAME)";
			};
			name = Release;
		};
		18E8CBAA219331A400E29383 /* Debug */ = {
			isa = XCBuildConfiguration;
			buildSettings = {
				BUNDLE_LOADER = "$(TEST_HOST)";
				INFOPLIST_FILE = PeopleConnectTests/Info.plist;
				LD_RUNPATH_SEARCH_PATHS = "$(inherited) @executable_path/Frameworks @loader_path/Frameworks";
				PRODUCT_BUNDLE_IDENTIFIER = Pan.PeopleConnectTests;
				PRODUCT_NAME = "$(TARGET_NAME)";
				TEST_HOST = "$(BUILT_PRODUCTS_DIR)/PeopleConnect.app/PeopleConnect";
			};
			name = Debug;
		};
		18E8CBAB219331A400E29383 /* Release */ = {
			isa = XCBuildConfiguration;
			buildSettings = {
				BUNDLE_LOADER = "$(TEST_HOST)";
				INFOPLIST_FILE = PeopleConnectTests/Info.plist;
				LD_RUNPATH_SEARCH_PATHS = "$(inherited) @executable_path/Frameworks @loader_path/Frameworks";
				PRODUCT_BUNDLE_IDENTIFIER = Pan.PeopleConnectTests;
				PRODUCT_NAME = "$(TARGET_NAME)";
				TEST_HOST = "$(BUILT_PRODUCTS_DIR)/PeopleConnect.app/PeopleConnect";
			};
			name = Release;
		};
		18E8CBAD219331A400E29383 /* Debug */ = {
			isa = XCBuildConfiguration;
			buildSettings = {
				INFOPLIST_FILE = PeopleConnectUITests/Info.plist;
				LD_RUNPATH_SEARCH_PATHS = "$(inherited) @executable_path/Frameworks @loader_path/Frameworks";
				PRODUCT_BUNDLE_IDENTIFIER = Pan.PeopleConnectUITests;
				PRODUCT_NAME = "$(TARGET_NAME)";
				TEST_TARGET_NAME = PeopleConnect;
				USES_XCTRUNNER = YES;
			};
			name = Debug;
		};
		18E8CBAE219331A400E29383 /* Release */ = {
			isa = XCBuildConfiguration;
			buildSettings = {
				INFOPLIST_FILE = PeopleConnectUITests/Info.plist;
				LD_RUNPATH_SEARCH_PATHS = "$(inherited) @executable_path/Frameworks @loader_path/Frameworks";
				PRODUCT_BUNDLE_IDENTIFIER = Pan.PeopleConnectUITests;
				PRODUCT_NAME = "$(TARGET_NAME)";
				TEST_TARGET_NAME = PeopleConnect;
				USES_XCTRUNNER = YES;
			};
			name = Release;
		};
/* End XCBuildConfiguration section */

/* Begin XCConfigurationList section */
		18E8CB77219331A400E29383 /* Build configuration list for PBXProject "PeopleConnect" */ = {
			isa = XCConfigurationList;
			buildConfigurations = (
				18E8CBA4219331A400E29383 /* Debug */,
				18E8CBA5219331A400E29383 /* Release */,
			);
			defaultConfigurationIsVisible = 0;
			defaultConfigurationName = Release;
		};
		18E8CBA6219331A400E29383 /* Build configuration list for PBXNativeTarget "PeopleConnect" */ = {
			isa = XCConfigurationList;
			buildConfigurations = (
				18E8CBA7219331A400E29383 /* Debug */,
				18E8CBA8219331A400E29383 /* Release */,
			);
			defaultConfigurationIsVisible = 0;
			defaultConfigurationName = Release;
		};
		18E8CBA9219331A400E29383 /* Build configuration list for PBXNativeTarget "PeopleConnectTests" */ = {
			isa = XCConfigurationList;
			buildConfigurations = (
				18E8CBAA219331A400E29383 /* Debug */,
				18E8CBAB219331A400E29383 /* Release */,
			);
			defaultConfigurationIsVisible = 0;
			defaultConfigurationName = Release;
		};
		18E8CBAC219331A400E29383 /* Build configuration list for PBXNativeTarget "PeopleConnectUITests" */ = {
			isa = XCConfigurationList;
			buildConfigurations = (
				18E8CBAD219331A400E29383 /* Debug */,
				18E8CBAE219331A400E29383 /* Release */,
			);
			defaultConfigurationIsVisible = 0;
			defaultConfigurationName = Release;
		};
/* End XCConfigurationList section */
	};
	rootObject = 18E8CB74219331A400E29383 /* Project object */;
}
